
Microsoft Visual Studio Solution File, Format Version 12.00
# Visual Studio 15
VisualStudioVersion = 15.0.28307.705
MinimumVisualStudioVersion = 10.0.40219.1
Project("{FAE04EC0-301F-11D3-BF4B-00C04F79EFBC}") = "Books_Project", "Books_Project\Books_Project.csproj", "{7CCE27E7-5846-4953-A693-95645917521B}"
EndProject
Global
	GlobalSection(SolutionConfigurationPlatforms) = preSolution
		Debug|ARM = Debug|ARM
		Debug|ARM64 = Debug|ARM64
		Debug|x64 = Debug|x64
		Debug|x86 = Debug|x86
		Release|ARM = Release|ARM
		Release|ARM64 = Release|ARM64
		Release|x64 = Release|x64
		Release|x86 = Release|x86
	EndGlobalSection
	GlobalSection(ProjectConfigurationPlatforms) = postSolution
		{7CCE27E7-5846-4953-A693-95645917521B}.Debug|ARM.ActiveCfg = Debug|ARM
		{7CCE27E7-5846-4953-A693-95645917521B}.Debug|ARM.Build.0 = Debug|ARM
		{7CCE27E7-5846-4953-A693-95645917521B}.Debug|ARM.Deploy.0 = Debug|ARM
		{7CCE27E7-5846-4953-A693-95645917521B}.Debug|ARM64.ActiveCfg = Debug|ARM64
		{7CCE27E7-5846-4953-A693-95645917521B}.Debug|ARM64.Build.0 = Debug|ARM64
		{7CCE27E7-5846-4953-A693-95645917521B}.Debug|ARM64.Deploy.0 = Debug|ARM64
		{7CCE27E7-5846-4953-A693-95645917521B}.Debug|x64.ActiveCfg = Debug|x64
		{7CCE27E7-5846-4953-A693-95645917521B}.Debug|x64.Build.0 = Debug|x64
		{7CCE27E7-5846-4953-A693-95645917521B}.Debug|x64.Deploy.0 = Debug|x64
		{7CCE27E7-5846-4953-A693-95645917521B}.Debug|x86.ActiveCfg = Debug|x86
		{7CCE27E7-5846-4953-A693-95645917521B}.Debug|x86.Build.0 = Debug|x86
		{7CCE27E7-5846-4953-A693-95645917521B}.Debug|x86.Deploy.0 = Debug|x86
		{7CCE27E7-5846-4953-A693-95645917521B}.Release|ARM.ActiveCfg = Release|ARM
		{7CCE27E7-5846-4953-A693-95645917521B}.Release|ARM.Build.0 = Release|ARM
		{7CCE27E7-5846-4953-A693-95645917521B}.Release|ARM.Deploy.0 = Release|ARM
		{7CCE27E7-5846-4953-A693-95645917521B}.Release|ARM64.ActiveCfg = Release|ARM64
		{7CCE27E7-5846-4953-A693-95645917521B}.Release|ARM64.Build.0 = Release|ARM64
		{7CCE27E7-5846-4953-A693-95645917521B}.Release|ARM64.Deploy.0 = Release|ARM64
		{7CCE27E7-5846-4953-A693-95645917521B}.Release|x64.ActiveCfg = Release|x64
		{7CCE27E7-5846-4953-A693-95645917521B}.Release|x64.Build.0 = Release|x64
		{7CCE27E7-5846-4953-A693-95645917521B}.Release|x64.Deploy.0 = Release|x64
		{7CCE27E7-5846-4953-A693-95645917521B}.Release|x86.ActiveCfg = Release|x86
		{7CCE27E7-5846-4953-A693-95645917521B}.Release|x86.Build.0 = Release|x86
		{7CCE27E7-5846-4953-A693-95645917521B}.Release|x86.Deploy.0 = Release|x86
	EndGlobalSection
	GlobalSection(SolutionProperties) = preSolution
		HideSolutionNode = FALSE
	EndGlobalSection
	GlobalSection(ExtensibilityGlobals) = postSolution
		SolutionGuid = {D5D183D3-C605-441F-BB8C-4326AC8EC0B2}
	EndGlobalSection
EndGlobal
